
Microsoft Visual Studio Solution File, Format Version 12.00
# Visual Studio Version 17
VisualStudioVersion = 17.3.32825.248
MinimumVisualStudioVersion = 10.0.40219.1
Project("{9A19103F-16F7-4668-BE54-9A1E7A4F7556}") = "Console", "src\Console\Console.csproj", "{94FA7B8B-48D1-4618-A7F7-B7538CBA7889}"
EndProject
Project("{2150E333-8FDC-42A3-9474-1A3956D46DE8}") = "src", "src", "{5BD96C29-45E8-454E-A5E6-8F1D3E6CA867}"
EndProject
Global
	GlobalSection(SolutionConfigurationPlatforms) = preSolution
		Debug|Any CPU = Debug|Any CPU
		Release|Any CPU = Release|Any CPU
	EndGlobalSection
	GlobalSection(ProjectConfigurationPlatforms) = postSolution
		{94FA7B8B-48D1-4618-A7F7-B7538CBA7889}.Debug|Any CPU.ActiveCfg = Debug|Any CPU
		{94FA7B8B-48D1-4618-A7F7-B7538CBA7889}.Debug|Any CPU.Build.0 = Debug|Any CPU
		{94FA7B8B-48D1-4618-A7F7-B7538CBA7889}.Release|Any CPU.ActiveCfg = Release|Any CPU
		{94FA7B8B-48D1-4618-A7F7-B7538CBA7889}.Release|Any CPU.Build.0 = Release|Any CPU
	EndGlobalSection
	GlobalSection(SolutionProperties) = preSolution
		HideSolutionNode = FALSE
	EndGlobalSection
	GlobalSection(NestedProjects) = preSolution
		{94FA7B8B-48D1-4618-A7F7-B7538CBA7889} = {5BD96C29-45E8-454E-A5E6-8F1D3E6CA867}
	EndGlobalSection
	GlobalSection(ExtensibilityGlobals) = postSolution
		SolutionGuid = {F9B10E06-FF41-49E8-AA6B-12CE9FB5DE82}
	EndGlobalSection
EndGlobal
