
Microsoft Visual Studio Solution File, Format Version 12.00
# Visual Studio Version 17
VisualStudioVersion = 17.3.32825.248
MinimumVisualStudioVersion = 10.0.40219.1
Project("{9A19103F-16F7-4668-BE54-9A1E7A4F7556}") = "Console", "src\Console\Console.csproj", "{94FA7B8B-48D1-4618-A7F7-B7538CBA7889}"
EndProject
Project("{2150E333-8FDC-42A3-9474-1A3956D46DE8}") = "submodules", "submodules", "{E97112FB-BFAA-490E-9F52-0317BAA3FD1E}"
EndProject
Project("{9A19103F-16F7-4668-BE54-9A1E7A4F7556}") = "Services", "src\Services\Services.csproj", "{D6A96668-7F4E-4CD1-9C53-E90A5CF97199}"
EndProject
Project("{2150E333-8FDC-42A3-9474-1A3956D46DE8}") = "test", "test", "{1CC68FED-6734-48F5-AA2F-9B5278B2C84F}"
EndProject
Project("{9A19103F-16F7-4668-BE54-9A1E7A4F7556}") = "Services.Tests", "test\Services.Tests\Services.Tests.csproj", "{47E3D917-0CFA-41B6-8DA5-8F29BCCDD187}"
EndProject
Project("{9A19103F-16F7-4668-BE54-9A1E7A4F7556}") = "GoogleSheetsHelper", "GoogleSheetsHelper\src\GoogleSheetsHelper.csproj", "{AD6E26F9-CDDE-4E5F-BF34-04324A44EF7E}"
EndProject
Global
	GlobalSection(SolutionConfigurationPlatforms) = preSolution
		Debug|Any CPU = Debug|Any CPU
		Release|Any CPU = Release|Any CPU
	EndGlobalSection
	GlobalSection(ProjectConfigurationPlatforms) = postSolution
		{94FA7B8B-48D1-4618-A7F7-B7538CBA7889}.Debug|Any CPU.ActiveCfg = Debug|Any CPU
		{94FA7B8B-48D1-4618-A7F7-B7538CBA7889}.Debug|Any CPU.Build.0 = Debug|Any CPU
		{94FA7B8B-48D1-4618-A7F7-B7538CBA7889}.Release|Any CPU.ActiveCfg = Release|Any CPU
		{94FA7B8B-48D1-4618-A7F7-B7538CBA7889}.Release|Any CPU.Build.0 = Release|Any CPU
		{D6A96668-7F4E-4CD1-9C53-E90A5CF97199}.Debug|Any CPU.ActiveCfg = Debug|Any CPU
		{D6A96668-7F4E-4CD1-9C53-E90A5CF97199}.Debug|Any CPU.Build.0 = Debug|Any CPU
		{D6A96668-7F4E-4CD1-9C53-E90A5CF97199}.Release|Any CPU.ActiveCfg = Release|Any CPU
		{D6A96668-7F4E-4CD1-9C53-E90A5CF97199}.Release|Any CPU.Build.0 = Release|Any CPU
		{47E3D917-0CFA-41B6-8DA5-8F29BCCDD187}.Debug|Any CPU.ActiveCfg = Debug|Any CPU
		{47E3D917-0CFA-41B6-8DA5-8F29BCCDD187}.Debug|Any CPU.Build.0 = Debug|Any CPU
		{47E3D917-0CFA-41B6-8DA5-8F29BCCDD187}.Release|Any CPU.ActiveCfg = Release|Any CPU
		{47E3D917-0CFA-41B6-8DA5-8F29BCCDD187}.Release|Any CPU.Build.0 = Release|Any CPU
		{AD6E26F9-CDDE-4E5F-BF34-04324A44EF7E}.Debug|Any CPU.ActiveCfg = Debug|Any CPU
		{AD6E26F9-CDDE-4E5F-BF34-04324A44EF7E}.Debug|Any CPU.Build.0 = Debug|Any CPU
		{AD6E26F9-CDDE-4E5F-BF34-04324A44EF7E}.Release|Any CPU.ActiveCfg = Release|Any CPU
		{AD6E26F9-CDDE-4E5F-BF34-04324A44EF7E}.Release|Any CPU.Build.0 = Release|Any CPU
	EndGlobalSection
	GlobalSection(SolutionProperties) = preSolution
		HideSolutionNode = FALSE
	EndGlobalSection
	GlobalSection(NestedProjects) = preSolution
		{47E3D917-0CFA-41B6-8DA5-8F29BCCDD187} = {1CC68FED-6734-48F5-AA2F-9B5278B2C84F}
		{AD6E26F9-CDDE-4E5F-BF34-04324A44EF7E} = {E97112FB-BFAA-490E-9F52-0317BAA3FD1E}
	EndGlobalSection
	GlobalSection(ExtensibilityGlobals) = postSolution
		SolutionGuid = {F9B10E06-FF41-49E8-AA6B-12CE9FB5DE82}
	EndGlobalSection
EndGlobal
